PODS:
  - DZNEmptyDataSet (1.8.1)
  - HandyJSON (5.0.2)
  - ReactiveSwift (5.0.1):
    - Result (~> 4.1)
  - Result (4.1.0)
  - SnapKit (4.2.0)

DEPENDENCIES:
  - DZNEmptyDataSet (~> 1.8.1)
  - HandyJSON (~> 5.0.1)
  - ReactiveSwift (~> 5.0.1)
  - Result (~> 4.1.0)
  - SnapKit

SPEC REPOS:
  trunk:
    - DZNEmptyDataSet
    - HandyJSON
    - ReactiveSwift
    - Result
    - SnapKit

SPEC CHECKSUMS:
  DZNEmptyDataSet: 9525833b9e68ac21c30253e1d3d7076cc828eaa7
  HandyJSON: 9e4e236f5d2dbefad5155a77417bbea438201c03
  ReactiveSwift: cac20a5bbe560c5806bd29c0fccf90d03b996ac1
  Result: bd966fac789cc6c1563440b348ab2598cc24d5c7
  SnapKit: fe8a619752f3f27075cc9a90244d75c6c3f27e2a

PODFILE CHECKSUM: 5582104934fc8858dd4c870fca6f3c12d0262d39

COCOAPODS: 1.11.2
