// !$*UTF8*$!
{
	archiveVersion = 1;
	classes = {
	};
	objectVersion = 55;
	objects = {

/* Begin PBXBuildFile section */
		8E60D82E276C722E006B0C67 /* study3.swift in Sources */ = {isa = PBXBuildFile; fileRef = 8E60D82D276C722E006B0C67 /* study3.swift */; };
		8E61E85127671DA8008E567D /* study2.swift in Sources */ = {isa = PBXBuildFile; fileRef = 8E61E85027671DA8008E567D /* study2.swift */; };
		8E6246B62761DE5500F89044 /* CurryingVC.swift in Sources */ = {isa = PBXBuildFile; fileRef = 8E6246B52761DE5500F89044 /* CurryingVC.swift */; };
		8E6246B92761DF5D00F89044 /* STProtocols.swift in Sources */ = {isa = PBXBuildFile; fileRef = 8E6246B82761DF5D00F89044 /* STProtocols.swift */; };
		8E6246BB2761E9DD00F89044 /* View.swift in Sources */ = {isa = PBXBuildFile; fileRef = 8E6246BA2761E9DD00F89044 /* View.swift */; };
		8E6246BD2761EF0100F89044 /* HomePage.swift in Sources */ = {isa = PBXBuildFile; fileRef = 8E6246BC2761EF0100F89044 /* HomePage.swift */; };
		8E6246C12762011C00F89044 /* study1.swift in Sources */ = {isa = PBXBuildFile; fileRef = 8E6246C02762011C00F89044 /* study1.swift */; };
		8E6246C42762086800F89044 /* UILabel+ST_Create.swift in Sources */ = {isa = PBXBuildFile; fileRef = 8E6246C32762086800F89044 /* UILabel+ST_Create.swift */; };
		8E6DC924274244D00003AC49 /* AppDelegate.swift in Sources */ = {isa = PBXBuildFile; fileRef = 8E6DC923274244D00003AC49 /* AppDelegate.swift */; };
		8E6DC926274244D00003AC49 /* SceneDelegate.swift in Sources */ = {isa = PBXBuildFile; fileRef = 8E6DC925274244D00003AC49 /* SceneDelegate.swift */; };
		8E6DC928274244D00003AC49 /* ViewController.swift in Sources */ = {isa = PBXBuildFile; fileRef = 8E6DC927274244D00003AC49 /* ViewController.swift */; };
		8E6DC92B274244D00003AC49 /* Main.storyboard in Resources */ = {isa = PBXBuildFile; fileRef = 8E6DC929274244D00003AC49 /* Main.storyboard */; };
		8E6DC92D274244D60003AC49 /* Assets.xcassets in Resources */ = {isa = PBXBuildFile; fileRef = 8E6DC92C274244D60003AC49 /* Assets.xcassets */; };
		8E6DC930274244D60003AC49 /* LaunchScreen.storyboard in Resources */ = {isa = PBXBuildFile; fileRef = 8E6DC92E274244D60003AC49 /* LaunchScreen.storyboard */; };
		8E6DC939274249890003AC49 /* Currying柯里化.swift in Sources */ = {isa = PBXBuildFile; fileRef = 8E6DC938274249890003AC49 /* Currying柯里化.swift */; };
		8E7AD29D27B387170043DEAF /* study4.swift in Sources */ = {isa = PBXBuildFile; fileRef = 8E7AD29C27B387170043DEAF /* study4.swift */; };
		8E8250FF27BF90E600C9D6BF /* study5.swift in Sources */ = {isa = PBXBuildFile; fileRef = 8E8250FE27BF90E600C9D6BF /* study5.swift */; };
		8EEA3FB727C358180058BF79 /* study6.swift in Sources */ = {isa = PBXBuildFile; fileRef = 8EEA3FB627C358170058BF79 /* study6.swift */; };
		8EEADD6C27B9FA140038AE9F /* MacroConfig.swift in Sources */ = {isa = PBXBuildFile; fileRef = 8EEADD6B27B9FA140038AE9F /* MacroConfig.swift */; };
		EA52199E290A391547DC519A /* Pods_STPrivateSpace.framework in Frameworks */ = {isa = PBXBuildFile; fileRef = 8E277A3D07D4E9FEEE8639AD /* Pods_STPrivateSpace.framework */; };
/* End PBXBuildFile section */

/* Begin PBXFileReference section */
		8E277A3D07D4E9FEEE8639AD /* Pods_STPrivateSpace.framework */ = {isa = PBXFileReference; explicitFileType = wrapper.framework; includeInIndex = 0; path = Pods_STPrivateSpace.framework; sourceTree = BUILT_PRODUCTS_DIR; };
		8E60D82D276C722E006B0C67 /* study3.swift */ = {isa = PBXFileReference; lastKnownFileType = sourcecode.swift; path = study3.swift; sourceTree = "<group>"; };
		8E61E85027671DA8008E567D /* study2.swift */ = {isa = PBXFileReference; lastKnownFileType = sourcecode.swift; path = study2.swift; sourceTree = "<group>"; };
		8E6246B52761DE5500F89044 /* CurryingVC.swift */ = {isa = PBXFileReference; lastKnownFileType = sourcecode.swift; path = CurryingVC.swift; sourceTree = "<group>"; };
		8E6246B82761DF5D00F89044 /* STProtocols.swift */ = {isa = PBXFileReference; lastKnownFileType = sourcecode.swift; path = STProtocols.swift; sourceTree = "<group>"; };
		8E6246BA2761E9DD00F89044 /* View.swift */ = {isa = PBXFileReference; lastKnownFileType = sourcecode.swift; path = View.swift; sourceTree = "<group>"; };
		8E6246BC2761EF0100F89044 /* HomePage.swift */ = {isa = PBXFileReference; lastKnownFileType = sourcecode.swift; path = HomePage.swift; sourceTree = "<group>"; };
		8E6246C02762011C00F89044 /* study1.swift */ = {isa = PBXFileReference; lastKnownFileType = sourcecode.swift; path = study1.swift; sourceTree = "<group>"; };
		8E6246C32762086800F89044 /* UILabel+ST_Create.swift */ = {isa = PBXFileReference; lastKnownFileType = sourcecode.swift; path = "UILabel+ST_Create.swift"; sourceTree = "<group>"; };
		8E6DC920274244D00003AC49 /* STPrivateSpace.app */ = {isa = PBXFileReference; explicitFileType = wrapper.application; includeInIndex = 0; path = STPrivateSpace.app; sourceTree = BUILT_PRODUCTS_DIR; };
		8E6DC923274244D00003AC49 /* AppDelegate.swift */ = {isa = PBXFileReference; lastKnownFileType = sourcecode.swift; path = AppDelegate.swift; sourceTree = "<group>"; };
		8E6DC925274244D00003AC49 /* SceneDelegate.swift */ = {isa = PBXFileReference; lastKnownFileType = sourcecode.swift; path = SceneDelegate.swift; sourceTree = "<group>"; };
		8E6DC927274244D00003AC49 /* ViewController.swift */ = {isa = PBXFileReference; lastKnownFileType = sourcecode.swift; path = ViewController.swift; sourceTree = "<group>"; };
		8E6DC92A274244D00003AC49 /* Base */ = {isa = PBXFileReference; lastKnownFileType = file.storyboard; name = Base; path = Base.lproj/Main.storyboard; sourceTree = "<group>"; };
		8E6DC92C274244D60003AC49 /* Assets.xcassets */ = {isa = PBXFileReference; lastKnownFileType = folder.assetcatalog; path = Assets.xcassets; sourceTree = "<group>"; };
		8E6DC92F274244D60003AC49 /* Base */ = {isa = PBXFileReference; lastKnownFileType = file.storyboard; name = Base; path = Base.lproj/LaunchScreen.storyboard; sourceTree = "<group>"; };
		8E6DC931274244D60003AC49 /* Info.plist */ = {isa = PBXFileReference; lastKnownFileType = text.plist.xml; path = Info.plist; sourceTree = "<group>"; };
		8E6DC938274249890003AC49 /* Currying柯里化.swift */ = {isa = PBXFileReference; lastKnownFileType = sourcecode.swift; path = "Currying柯里化.swift"; sourceTree = "<group>"; };
		8E7AD29C27B387170043DEAF /* study4.swift */ = {isa = PBXFileReference; lastKnownFileType = sourcecode.swift; path = study4.swift; sourceTree = "<group>"; };
		8E8250FE27BF90E600C9D6BF /* study5.swift */ = {isa = PBXFileReference; lastKnownFileType = sourcecode.swift; path = study5.swift; sourceTree = "<group>"; };
		8EEA3FB627C358170058BF79 /* study6.swift */ = {isa = PBXFileReference; lastKnownFileType = sourcecode.swift; path = study6.swift; sourceTree = "<group>"; };
		8EEADD6B27B9FA140038AE9F /* MacroConfig.swift */ = {isa = PBXFileReference; lastKnownFileType = sourcecode.swift; path = MacroConfig.swift; sourceTree = "<group>"; };
		ABFF3A37F5B0C8E031B492D7 /* Pods-STPrivateSpace.release.xcconfig */ = {isa = PBXFileReference; includeInIndex = 1; lastKnownFileType = text.xcconfig; name = "Pods-STPrivateSpace.release.xcconfig"; path = "Target Support Files/Pods-STPrivateSpace/Pods-STPrivateSpace.release.xcconfig"; sourceTree = "<group>"; };
		CB07FDC152A4DFAE698AA035 /* Pods-STPrivateSpace.debug.xcconfig */ = {isa = PBXFileReference; includeInIndex = 1; lastKnownFileType = text.xcconfig; name = "Pods-STPrivateSpace.debug.xcconfig"; path = "Target Support Files/Pods-STPrivateSpace/Pods-STPrivateSpace.debug.xcconfig"; sourceTree = "<group>"; };
/* End PBXFileReference section */

/* Begin PBXFrameworksBuildPhase section */
		8E6DC91D274244D00003AC49 /* Frameworks */ = {
			isa = PBXFrameworksBuildPhase;
			buildActionMask = 2147483647;
			files = (
				EA52199E290A391547DC519A /* Pods_STPrivateSpace.framework in Frameworks */,
			);
			runOnlyForDeploymentPostprocessing = 0;
		};
/* End PBXFrameworksBuildPhase section */

/* Begin PBXGroup section */
		796F49EE43A3ACF53C026B15 /* Pods */ = {
			isa = PBXGroup;
			children = (
				CB07FDC152A4DFAE698AA035 /* Pods-STPrivateSpace.debug.xcconfig */,
				ABFF3A37F5B0C8E031B492D7 /* Pods-STPrivateSpace.release.xcconfig */,
			);
			path = Pods;
			sourceTree = "<group>";
		};
		8E60D82F276C726C006B0C67 /* RX_Font */ = {
			isa = PBXGroup;
			children = (
			);
			path = RX_Font;
			sourceTree = "<group>";
		};
		8E6246B72761DF3600F89044 /* 构建协议 */ = {
			isa = PBXGroup;
			children = (
				8E6246B82761DF5D00F89044 /* STProtocols.swift */,
			);
			path = "构建协议";
			sourceTree = "<group>";
		};
		8E6246BE2761F63F00F89044 /* 初始化模板 */ = {
			isa = PBXGroup;
			children = (
				8E6DC927274244D00003AC49 /* ViewController.swift */,
				8E6246BA2761E9DD00F89044 /* View.swift */,
			);
			path = "初始化模板";
			sourceTree = "<group>";
		};
		8E6246BF2762010700F89044 /* 课程 */ = {
			isa = PBXGroup;
			children = (
				8E6246C02762011C00F89044 /* study1.swift */,
				8E61E85027671DA8008E567D /* study2.swift */,
				8E60D82D276C722E006B0C67 /* study3.swift */,
				8E7AD29C27B387170043DEAF /* study4.swift */,
				8E8250FE27BF90E600C9D6BF /* study5.swift */,
				8EEA3FB627C358170058BF79 /* study6.swift */,
			);
			path = "课程";
			sourceTree = "<group>";
		};
		8E6246C22762083C00F89044 /* 分类 */ = {
			isa = PBXGroup;
			children = (
				8E6246C32762086800F89044 /* UILabel+ST_Create.swift */,
			);
			path = "分类";
			sourceTree = "<group>";
		};
		8E6DC917274244D00003AC49 = {
			isa = PBXGroup;
			children = (
				8E6DC922274244D00003AC49 /* STPrivateSpace */,
				8E6DC921274244D00003AC49 /* Products */,
				796F49EE43A3ACF53C026B15 /* Pods */,
				B1640807AE5D491BC6020AEA /* Frameworks */,
			);
			sourceTree = "<group>";
		};
		8E6DC921274244D00003AC49 /* Products */ = {
			isa = PBXGroup;
			children = (
				8E6DC920274244D00003AC49 /* STPrivateSpace.app */,
			);
			name = Products;
			sourceTree = "<group>";
		};
		8E6DC922274244D00003AC49 /* STPrivateSpace */ = {
			isa = PBXGroup;
			children = (
				8EEADD6B27B9FA140038AE9F /* MacroConfig.swift */,
				8E60D82F276C726C006B0C67 /* RX_Font */,
				8E6DC923274244D00003AC49 /* AppDelegate.swift */,
				8E6DC925274244D00003AC49 /* SceneDelegate.swift */,
				8E6246BC2761EF0100F89044 /* HomePage.swift */,
				8E6246C22762083C00F89044 /* 分类 */,
				8E6246BF2762010700F89044 /* 课程 */,
				8E6246BE2761F63F00F89044 /* 初始化模板 */,
				8E6246B72761DF3600F89044 /* 构建协议 */,
				8E6DC937274249420003AC49 /* Grammar语法 */,
				8E6DC929274244D00003AC49 /* Main.storyboard */,
				8E6DC92C274244D60003AC49 /* Assets.xcassets */,
				8E6DC92E274244D60003AC49 /* LaunchScreen.storyboard */,
				8E6DC931274244D60003AC49 /* Info.plist */,
			);
			path = STPrivateSpace;
			sourceTree = "<group>";
		};
		8E6DC937274249420003AC49 /* Grammar语法 */ = {
			isa = PBXGroup;
			children = (
				8E6DC938274249890003AC49 /* Currying柯里化.swift */,
				8E6246B52761DE5500F89044 /* CurryingVC.swift */,
			);
			path = "Grammar语法";
			sourceTree = "<group>";
		};
		B1640807AE5D491BC6020AEA /* Frameworks */ = {
			isa = PBXGroup;
			children = (
				8E277A3D07D4E9FEEE8639AD /* Pods_STPrivateSpace.framework */,
			);
			name = Frameworks;
			sourceTree = "<group>";
		};
/* End PBXGroup section */

/* Begin PBXNativeTarget section */
		8E6DC91F274244D00003AC49 /* STPrivateSpace */ = {
			isa = PBXNativeTarget;
			buildConfigurationList = 8E6DC934274244D60003AC49 /* Build configuration list for PBXNativeTarget "STPrivateSpace" */;
			buildPhases = (
				058CA44FBD58DDB7F8CE35A9 /* [CP] Check Pods Manifest.lock */,
				8E6DC91C274244D00003AC49 /* Sources */,
				8E6DC91D274244D00003AC49 /* Frameworks */,
				8E6DC91E274244D00003AC49 /* Resources */,
				9E5DC6F8465D30974EA3A423 /* [CP] Embed Pods Frameworks */,
			);
			buildRules = (
			);
			dependencies = (
			);
			name = STPrivateSpace;
			productName = STPrivateSpace;
			productReference = 8E6DC920274244D00003AC49 /* STPrivateSpace.app */;
			productType = "com.apple.product-type.application";
		};
/* End PBXNativeTarget section */

/* Begin PBXProject section */
		8E6DC918274244D00003AC49 /* Project object */ = {
			isa = PBXProject;
			attributes = {
				BuildIndependentTargetsInParallel = 1;
				LastSwiftUpdateCheck = 1300;
				LastUpgradeCheck = 1300;
				TargetAttributes = {
					8E6DC91F274244D00003AC49 = {
						CreatedOnToolsVersion = 13.0;
					};
				};
			};
			buildConfigurationList = 8E6DC91B274244D00003AC49 /* Build configuration list for PBXProject "STPrivateSpace" */;
			compatibilityVersion = "Xcode 13.0";
			developmentRegion = en;
			hasScannedForEncodings = 0;
			knownRegions = (
				en,
				Base,
			);
			mainGroup = 8E6DC917274244D00003AC49;
			productRefGroup = 8E6DC921274244D00003AC49 /* Products */;
			projectDirPath = "";
			projectRoot = "";
			targets = (
				8E6DC91F274244D00003AC49 /* STPrivateSpace */,
			);
		};
/* End PBXProject section */

/* Begin PBXResourcesBuildPhase section */
		8E6DC91E274244D00003AC49 /* Resources */ = {
			isa = PBXResourcesBuildPhase;
			buildActionMask = 2147483647;
			files = (
				8E6DC930274244D60003AC49 /* LaunchScreen.storyboard in Resources */,
				8E6DC92D274244D60003AC49 /* Assets.xcassets in Resources */,
				8E6DC92B274244D00003AC49 /* Main.storyboard in Resources */,
			);
			runOnlyForDeploymentPostprocessing = 0;
		};
/* End PBXResourcesBuildPhase section */

/* Begin PBXShellScriptBuildPhase section */
		058CA44FBD58DDB7F8CE35A9 /* [CP] Check Pods Manifest.lock */ = {
			isa = PBXShellScriptBuildPhase;
			buildActionMask = 2147483647;
			files = (
			);
			inputFileListPaths = (
			);
			inputPaths = (
				"${PODS_PODFILE_DIR_PATH}/Podfile.lock",
				"${PODS_ROOT}/Manifest.lock",
			);
			name = "[CP] Check Pods Manifest.lock";
			outputFileListPaths = (
			);
			outputPaths = (
				"$(DERIVED_FILE_DIR)/Pods-STPrivateSpace-checkManifestLockResult.txt",
			);
			runOnlyForDeploymentPostprocessing = 0;
			shellPath = /bin/sh;
			shellScript = "diff \"${PODS_PODFILE_DIR_PATH}/Podfile.lock\" \"${PODS_ROOT}/Manifest.lock\" > /dev/null\nif [ $? != 0 ] ; then\n    # print error to STDERR\n    echo \"error: The sandbox is not in sync with the Podfile.lock. Run 'pod install' or update your CocoaPods installation.\" >&2\n    exit 1\nfi\n# This output is used by Xcode 'outputs' to avoid re-running this script phase.\necho \"SUCCESS\" > \"${SCRIPT_OUTPUT_FILE_0}\"\n";
			showEnvVarsInLog = 0;
		};
		9E5DC6F8465D30974EA3A423 /* [CP] Embed Pods Frameworks */ = {
			isa = PBXShellScriptBuildPhase;
			buildActionMask = 2147483647;
			files = (
			);
			inputFileListPaths = (
				"${PODS_ROOT}/Target Support Files/Pods-STPrivateSpace/Pods-STPrivateSpace-frameworks-${CONFIGURATION}-input-files.xcfilelist",
			);
			name = "[CP] Embed Pods Frameworks";
			outputFileListPaths = (
				"${PODS_ROOT}/Target Support Files/Pods-STPrivateSpace/Pods-STPrivateSpace-frameworks-${CONFIGURATION}-output-files.xcfilelist",
			);
			runOnlyForDeploymentPostprocessing = 0;
			shellPath = /bin/sh;
			shellScript = "\"${PODS_ROOT}/Target Support Files/Pods-STPrivateSpace/Pods-STPrivateSpace-frameworks.sh\"\n";
			showEnvVarsInLog = 0;
		};
/* End PBXShellScriptBuildPhase section */

/* Begin PBXSourcesBuildPhase section */
		8E6DC91C274244D00003AC49 /* Sources */ = {
			isa = PBXSourcesBuildPhase;
			buildActionMask = 2147483647;
			files = (
				8E61E85127671DA8008E567D /* study2.swift in Sources */,
				8E6DC939274249890003AC49 /* Currying柯里化.swift in Sources */,
				8E6DC928274244D00003AC49 /* ViewController.swift in Sources */,
				8E60D82E276C722E006B0C67 /* study3.swift in Sources */,
				8E6246B92761DF5D00F89044 /* STProtocols.swift in Sources */,
				8E6DC924274244D00003AC49 /* AppDelegate.swift in Sources */,
				8EEA3FB727C358180058BF79 /* study6.swift in Sources */,
				8E6246B62761DE5500F89044 /* CurryingVC.swift in Sources */,
				8E6246BB2761E9DD00F89044 /* View.swift in Sources */,
				8EEADD6C27B9FA140038AE9F /* MacroConfig.swift in Sources */,
				8E6DC926274244D00003AC49 /* SceneDelegate.swift in Sources */,
				8E6246BD2761EF0100F89044 /* HomePage.swift in Sources */,
				8E6246C42762086800F89044 /* UILabel+ST_Create.swift in Sources */,
				8E7AD29D27B387170043DEAF /* study4.swift in Sources */,
				8E6246C12762011C00F89044 /* study1.swift in Sources */,
				8E8250FF27BF90E600C9D6BF /* study5.swift in Sources */,
			);
			runOnlyForDeploymentPostprocessing = 0;
		};
/* End PBXSourcesBuildPhase section */

/* Begin PBXVariantGroup section */
		8E6DC929274244D00003AC49 /* Main.storyboard */ = {
			isa = PBXVariantGroup;
			children = (
				8E6DC92A274244D00003AC49 /* Base */,
			);
			name = Main.storyboard;
			sourceTree = "<group>";
		};
		8E6DC92E274244D60003AC49 /* LaunchScreen.storyboard */ = {
			isa = PBXVariantGroup;
			children = (
				8E6DC92F274244D60003AC49 /* Base */,
			);
			name = LaunchScreen.storyboard;
			sourceTree = "<group>";
		};
/* End PBXVariantGroup section */

/* Begin XCBuildConfiguration section */
		8E6DC932274244D60003AC49 /* Debug */ = {
			isa = XCBuildConfiguration;
			buildSettings = {
				ALWAYS_SEARCH_USER_PATHS = NO;
				CLANG_ANALYZER_NONNULL = YES;
				CLANG_ANALYZER_NUMBER_OBJECT_CONVERSION = YES_AGGRESSIVE;
				CLANG_CXX_LANGUAGE_STANDARD = "gnu++17";
				CLANG_CXX_LIBRARY = "libc++";
				CLANG_ENABLE_MODULES = YES;
				CLANG_ENABLE_OBJC_ARC = YES;
				CLANG_ENABLE_OBJC_WEAK = YES;
				CLANG_WARN_BLOCK_CAPTURE_AUTORELEASING = YES;
				CLANG_WARN_BOOL_CONVERSION = YES;
				CLANG_WARN_COMMA = YES;
				CLANG_WARN_CONSTANT_CONVERSION = YES;
				CLANG_WARN_DEPRECATED_OBJC_IMPLEMENTATIONS = YES;
				CLANG_WARN_DIRECT_OBJC_ISA_USAGE = YES_ERROR;
				CLANG_WARN_DOCUMENTATION_COMMENTS = YES;
				CLANG_WARN_EMPTY_BODY = YES;
				CLANG_WARN_ENUM_CONVERSION = YES;
				CLANG_WARN_INFINITE_RECURSION = YES;
				CLANG_WARN_INT_CONVERSION = YES;
				CLANG_WARN_NON_LITERAL_NULL_CONVERSION = YES;
				CLANG_WARN_OBJC_IMPLICIT_RETAIN_SELF = YES;
				CLANG_WARN_OBJC_LITERAL_CONVERSION = YES;
				CLANG_WARN_OBJC_ROOT_CLASS = YES_ERROR;
				CLANG_WARN_QUOTED_INCLUDE_IN_FRAMEWORK_HEADER = YES;
				CLANG_WARN_RANGE_LOOP_ANALYSIS = YES;
				CLANG_WARN_STRICT_PROTOTYPES = YES;
				CLANG_WARN_SUSPICIOUS_MOVE = YES;
				CLANG_WARN_UNGUARDED_AVAILABILITY = YES_AGGRESSIVE;
				CLANG_WARN_UNREACHABLE_CODE = YES;
				CLANG_WARN__DUPLICATE_METHOD_MATCH = YES;
				COPY_PHASE_STRIP = NO;
				DEBUG_INFORMATION_FORMAT = dwarf;
				ENABLE_STRICT_OBJC_MSGSEND = YES;
				ENABLE_TESTABILITY = YES;
				GCC_C_LANGUAGE_STANDARD = gnu11;
				GCC_DYNAMIC_NO_PIC = NO;
				GCC_NO_COMMON_BLOCKS = YES;
				GCC_OPTIMIZATION_LEVEL = 0;
				GCC_PREPROCESSOR_DEFINITIONS = (
					"DEBUG=1",
					"$(inherited)",
				);
				GCC_WARN_64_TO_32_BIT_CONVERSION = YES;
				GCC_WARN_ABOUT_RETURN_TYPE = YES_ERROR;
				GCC_WARN_UNDECLARED_SELECTOR = YES;
				GCC_WARN_UNINITIALIZED_AUTOS = YES_AGGRESSIVE;
				GCC_WARN_UNUSED_FUNCTION = YES;
				GCC_WARN_UNUSED_VARIABLE = YES;
				IPHONEOS_DEPLOYMENT_TARGET = 15.0;
				MTL_ENABLE_DEBUG_INFO = INCLUDE_SOURCE;
				MTL_FAST_MATH = YES;
				ONLY_ACTIVE_ARCH = YES;
				SDKROOT = iphoneos;
				SWIFT_ACTIVE_COMPILATION_CONDITIONS = DEBUG;
				SWIFT_OPTIMIZATION_LEVEL = "-Onone";
			};
			name = Debug;
		};
		8E6DC933274244D60003AC49 /* Release */ = {
			isa = XCBuildConfiguration;
			buildSettings = {
				ALWAYS_SEARCH_USER_PATHS = NO;
				CLANG_ANALYZER_NONNULL = YES;
				CLANG_ANALYZER_NUMBER_OBJECT_CONVERSION = YES_AGGRESSIVE;
				CLANG_CXX_LANGUAGE_STANDARD = "gnu++17";
				CLANG_CXX_LIBRARY = "libc++";
				CLANG_ENABLE_MODULES = YES;
				CLANG_ENABLE_OBJC_ARC = YES;
				CLANG_ENABLE_OBJC_WEAK = YES;
				CLANG_WARN_BLOCK_CAPTURE_AUTORELEASING = YES;
				CLANG_WARN_BOOL_CONVERSION = YES;
				CLANG_WARN_COMMA = YES;
				CLANG_WARN_CONSTANT_CONVERSION = YES;
				CLANG_WARN_DEPRECATED_OBJC_IMPLEMENTATIONS = YES;
				CLANG_WARN_DIRECT_OBJC_ISA_USAGE = YES_ERROR;
				CLANG_WARN_DOCUMENTATION_COMMENTS = YES;
				CLANG_WARN_EMPTY_BODY = YES;
				CLANG_WARN_ENUM_CONVERSION = YES;
				CLANG_WARN_INFINITE_RECURSION = YES;
				CLANG_WARN_INT_CONVERSION = YES;
				CLANG_WARN_NON_LITERAL_NULL_CONVERSION = YES;
				CLANG_WARN_OBJC_IMPLICIT_RETAIN_SELF = YES;
				CLANG_WARN_OBJC_LITERAL_CONVERSION = YES;
				CLANG_WARN_OBJC_ROOT_CLASS = YES_ERROR;
				CLANG_WARN_QUOTED_INCLUDE_IN_FRAMEWORK_HEADER = YES;
				CLANG_WARN_RANGE_LOOP_ANALYSIS = YES;
				CLANG_WARN_STRICT_PROTOTYPES = YES;
				CLANG_WARN_SUSPICIOUS_MOVE = YES;
				CLANG_WARN_UNGUARDED_AVAILABILITY = YES_AGGRESSIVE;
				CLANG_WARN_UNREACHABLE_CODE = YES;
				CLANG_WARN__DUPLICATE_METHOD_MATCH = YES;
				COPY_PHASE_STRIP = NO;
				DEBUG_INFORMATION_FORMAT = "dwarf-with-dsym";
				ENABLE_NS_ASSERTIONS = NO;
				ENABLE_STRICT_OBJC_MSGSEND = YES;
				GCC_C_LANGUAGE_STANDARD = gnu11;
				GCC_NO_COMMON_BLOCKS = YES;
				GCC_WARN_64_TO_32_BIT_CONVERSION = YES;
				GCC_WARN_ABOUT_RETURN_TYPE = YES_ERROR;
				GCC_WARN_UNDECLARED_SELECTOR = YES;
				GCC_WARN_UNINITIALIZED_AUTOS = YES_AGGRESSIVE;
				GCC_WARN_UNUSED_FUNCTION = YES;
				GCC_WARN_UNUSED_VARIABLE = YES;
				IPHONEOS_DEPLOYMENT_TARGET = 15.0;
				MTL_ENABLE_DEBUG_INFO = NO;
				MTL_FAST_MATH = YES;
				SDKROOT = iphoneos;
				SWIFT_COMPILATION_MODE = wholemodule;
				SWIFT_OPTIMIZATION_LEVEL = "-O";
				VALIDATE_PRODUCT = YES;
			};
			name = Release;
		};
		8E6DC935274244D60003AC49 /* Debug */ = {
			isa = XCBuildConfiguration;
			baseConfigurationReference = CB07FDC152A4DFAE698AA035 /* Pods-STPrivateSpace.debug.xcconfig */;
			buildSettings = {
				ASSETCATALOG_COMPILER_APPICON_NAME = AppIcon;
				ASSETCATALOG_COMPILER_GLOBAL_ACCENT_COLOR_NAME = AccentColor;
				CODE_SIGN_STYLE = Automatic;
				CURRENT_PROJECT_VERSION = 1;
				DEVELOPMENT_TEAM = 8B3DK73YS2;
				GENERATE_INFOPLIST_FILE = YES;
				INFOPLIST_FILE = STPrivateSpace/Info.plist;
				INFOPLIST_KEY_UIApplicationSupportsIndirectInputEvents = YES;
				INFOPLIST_KEY_UILaunchStoryboardName = LaunchScreen;
				INFOPLIST_KEY_UIMainStoryboardFile = Main;
				INFOPLIST_KEY_UISupportedInterfaceOrientations_iPad = "UIInterfaceOrientationPortrait UIInterfaceOrientationPortraitUpsideDown UIInterfaceOrientationLandscapeLeft UIInterfaceOrientationLandscapeRight";
				INFOPLIST_KEY_UISupportedInterfaceOrientations_iPhone = "UIInterfaceOrientationPortrait UIInterfaceOrientationLandscapeLeft UIInterfaceOrientationLandscapeRight";
				LD_RUNPATH_SEARCH_PATHS = (
					"$(inherited)",
					"@executable_path/Frameworks",
				);
				MARKETING_VERSION = 1.0;
				PRODUCT_BUNDLE_IDENTIFIER = private.STPrivateSpace;
				PRODUCT_NAME = "$(TARGET_NAME)";
				SWIFT_EMIT_LOC_STRINGS = YES;
				SWIFT_VERSION = 5.0;
				TARGETED_DEVICE_FAMILY = "1,2";
			};
			name = Debug;
		};
		8E6DC936274244D60003AC49 /* Release */ = {
			isa = XCBuildConfiguration;
			baseConfigurationReference = ABFF3A37F5B0C8E031B492D7 /* Pods-STPrivateSpace.release.xcconfig */;
			buildSettings = {
				ASSETCATALOG_COMPILER_APPICON_NAME = AppIcon;
				ASSETCATALOG_COMPILER_GLOBAL_ACCENT_COLOR_NAME = AccentColor;
				CODE_SIGN_STYLE = Automatic;
				CURRENT_PROJECT_VERSION = 1;
				DEVELOPMENT_TEAM = 8B3DK73YS2;
				GENERATE_INFOPLIST_FILE = YES;
				INFOPLIST_FILE = STPrivateSpace/Info.plist;
				INFOPLIST_KEY_UIApplicationSupportsIndirectInputEvents = YES;
				INFOPLIST_KEY_UILaunchStoryboardName = LaunchScreen;
				INFOPLIST_KEY_UIMainStoryboardFile = Main;
				INFOPLIST_KEY_UISupportedInterfaceOrientations_iPad = "UIInterfaceOrientationPortrait UIInterfaceOrientationPortraitUpsideDown UIInterfaceOrientationLandscapeLeft UIInterfaceOrientationLandscapeRight";
				INFOPLIST_KEY_UISupportedInterfaceOrientations_iPhone = "UIInterfaceOrientationPortrait UIInterfaceOrientationLandscapeLeft UIInterfaceOrientationLandscapeRight";
				LD_RUNPATH_SEARCH_PATHS = (
					"$(inherited)",
					"@executable_path/Frameworks",
				);
				MARKETING_VERSION = 1.0;
				PRODUCT_BUNDLE_IDENTIFIER = private.STPrivateSpace;
				PRODUCT_NAME = "$(TARGET_NAME)";
				SWIFT_EMIT_LOC_STRINGS = YES;
				SWIFT_VERSION = 5.0;
				TARGETED_DEVICE_FAMILY = "1,2";
			};
			name = Release;
		};
/* End XCBuildConfiguration section */

/* Begin XCConfigurationList section */
		8E6DC91B274244D00003AC49 /* Build configuration list for PBXProject "STPrivateSpace" */ = {
			isa = XCConfigurationList;
			buildConfigurations = (
				8E6DC932274244D60003AC49 /* Debug */,
				8E6DC933274244D60003AC49 /* Release */,
			);
			defaultConfigurationIsVisible = 0;
			defaultConfigurationName = Release;
		};
		8E6DC934274244D60003AC49 /* Build configuration list for PBXNativeTarget "STPrivateSpace" */ = {
			isa = XCConfigurationList;
			buildConfigurations = (
				8E6DC935274244D60003AC49 /* Debug */,
				8E6DC936274244D60003AC49 /* Release */,
			);
			defaultConfigurationIsVisible = 0;
			defaultConfigurationName = Release;
		};
/* End XCConfigurationList section */
	};
	rootObject = 8E6DC918274244D00003AC49 /* Project object */;
}
